
Microsoft Visual Studio Solution File, Format Version 12.00
# Visual Studio Version 17
VisualStudioVersion = 17.4.33122.133
MinimumVisualStudioVersion = 10.0.40219.1
Project("{9A19103F-16F7-4668-BE54-9A1E7A4F7556}") = "EisntLivrosWeb", "EisntLivrosWeb\EisntLivrosWeb.csproj", "{9B697E8E-EAAE-452A-A93A-A94F6890C353}"
EndProject
Project("{FAE04EC0-301F-11D3-BF4B-00C04F79EFBC}") = "EisntLivros.DataAccess", "EisntLivros.DataAccess\EisntLivros.DataAccess.csproj", "{2EBC88BD-1438-4D19-945F-077D4F888C10}"
EndProject
Project("{FAE04EC0-301F-11D3-BF4B-00C04F79EFBC}") = "EisntLivros.Models", "EisntLivros.Models\EisntLivros.Models.csproj", "{136C1937-10D7-4FE8-B44A-2FEBCEE55DE3}"
EndProject
Project("{FAE04EC0-301F-11D3-BF4B-00C04F79EFBC}") = "EisntLivros.Utility", "EisntLivros.Utility\EisntLivros.Utility.csproj", "{5075B7B8-FF98-4A7A-B4DE-9378595E6297}"
EndProject
Global
	GlobalSection(SolutionConfigurationPlatforms) = preSolution
		Debug|Any CPU = Debug|Any CPU
		Release|Any CPU = Release|Any CPU
	EndGlobalSection
	GlobalSection(ProjectConfigurationPlatforms) = postSolution
		{9B697E8E-EAAE-452A-A93A-A94F6890C353}.Debug|Any CPU.ActiveCfg = Debug|Any CPU
		{9B697E8E-EAAE-452A-A93A-A94F6890C353}.Debug|Any CPU.Build.0 = Debug|Any CPU
		{9B697E8E-EAAE-452A-A93A-A94F6890C353}.Release|Any CPU.ActiveCfg = Release|Any CPU
		{9B697E8E-EAAE-452A-A93A-A94F6890C353}.Release|Any CPU.Build.0 = Release|Any CPU
		{2EBC88BD-1438-4D19-945F-077D4F888C10}.Debug|Any CPU.ActiveCfg = Debug|Any CPU
		{2EBC88BD-1438-4D19-945F-077D4F888C10}.Debug|Any CPU.Build.0 = Debug|Any CPU
		{2EBC88BD-1438-4D19-945F-077D4F888C10}.Release|Any CPU.ActiveCfg = Release|Any CPU
		{2EBC88BD-1438-4D19-945F-077D4F888C10}.Release|Any CPU.Build.0 = Release|Any CPU
		{136C1937-10D7-4FE8-B44A-2FEBCEE55DE3}.Debug|Any CPU.ActiveCfg = Debug|Any CPU
		{136C1937-10D7-4FE8-B44A-2FEBCEE55DE3}.Debug|Any CPU.Build.0 = Debug|Any CPU
		{136C1937-10D7-4FE8-B44A-2FEBCEE55DE3}.Release|Any CPU.ActiveCfg = Release|Any CPU
		{136C1937-10D7-4FE8-B44A-2FEBCEE55DE3}.Release|Any CPU.Build.0 = Release|Any CPU
		{5075B7B8-FF98-4A7A-B4DE-9378595E6297}.Debug|Any CPU.ActiveCfg = Debug|Any CPU
		{5075B7B8-FF98-4A7A-B4DE-9378595E6297}.Debug|Any CPU.Build.0 = Debug|Any CPU
		{5075B7B8-FF98-4A7A-B4DE-9378595E6297}.Release|Any CPU.ActiveCfg = Release|Any CPU
		{5075B7B8-FF98-4A7A-B4DE-9378595E6297}.Release|Any CPU.Build.0 = Release|Any CPU
	EndGlobalSection
	GlobalSection(SolutionProperties) = preSolution
		HideSolutionNode = FALSE
	EndGlobalSection
	GlobalSection(ExtensibilityGlobals) = postSolution
		SolutionGuid = {97475CA3-6AC9-420B-96AF-44D23DAF65AE}
	EndGlobalSection
EndGlobal
